
Microsoft Visual Studio Solution File, Format Version 12.00
# Visual Studio Version 17
VisualStudioVersion = 17.1.32328.378
MinimumVisualStudioVersion = 10.0.40219.1
Project("{FAE04EC0-301F-11D3-BF4B-00C04F79EFBC}") = "Repeating", "Repeating\Repeating.csproj", "{5B9346FE-DD15-41BC-9BAA-7648AD647450}"
EndProject
Global
	GlobalSection(SolutionConfigurationPlatforms) = preSolution
		Debug|Any CPU = Debug|Any CPU
		Release|Any CPU = Release|Any CPU
	EndGlobalSection
	GlobalSection(ProjectConfigurationPlatforms) = postSolution
		{5B9346FE-DD15-41BC-9BAA-7648AD647450}.Debug|Any CPU.ActiveCfg = Debug|Any CPU
		{5B9346FE-DD15-41BC-9BAA-7648AD647450}.Debug|Any CPU.Build.0 = Debug|Any CPU
		{5B9346FE-DD15-41BC-9BAA-7648AD647450}.Release|Any CPU.ActiveCfg = Release|Any CPU
		{5B9346FE-DD15-41BC-9BAA-7648AD647450}.Release|Any CPU.Build.0 = Release|Any CPU
	EndGlobalSection
	GlobalSection(SolutionProperties) = preSolution
		HideSolutionNode = FALSE
	EndGlobalSection
	GlobalSection(ExtensibilityGlobals) = postSolution
		SolutionGuid = {EAD08960-270C-4320-9F24-1145C9273517}
	EndGlobalSection
EndGlobal
